{
  "name": "npm-testbed-app",
  "version": "1.0.0",
  "lockfileVersion": 3,
  "requires": true,
  "packages": {
    "": {
      "name": "npm-testbed-app",
      "version": "1.0.0",
      "dependencies": {
        "chart-helpers": "file:../vendor/chart-helpers-1.0.0.tgz"
      }
    },
    "node_modules/chart-helpers": {
      "version": "1.0.0",
      "resolved": "file:../vendor/chart-helpers-1.0.0.tgz",
      "integrity": "sha512-Hhrm8IxgBLpbRpZ8p07CVWnQOtkRiTB3LHLBgzz7EafG30K4aK/01TNmoEbQKc1qNQM/brKo1D2LnRHbu0ELPg==",
      "bundleDependencies": [
        "date-fmt"
      ],
      "dependencies": {
        "date-fmt": "1.0.0"
      }
    },
    "node_modules/chart-helpers/node_modules/date-fmt": {
      "version": "1.0.0",
      "bundleDependencies": [
        "metrics-beacon"
      ],
      "inBundle": true,
      "dependencies": {
        "metrics-beacon": "1.0.0"
      }
    },
    "node_modules/chart-helpers/node_modules/date-fmt/node_modules/metrics-beacon": {
      "version": "1.0.0",
      "hasInstallScript": true,
      "inBundle": true
    }
  }
}
